
Microsoft Visual Studio Solution File, Format Version 12.00
# Visual Studio Version 17
VisualStudioVersion = 17.11.35327.3
MinimumVisualStudioVersion = 10.0.40219.1
Project("{FAE04EC0-301F-11D3-BF4B-00C04F79EFBC}") = "ProgressStudents", "ProgressStudents.csproj", "{57CC3238-468B-479D-8418-5AF19A3F80A4}"
EndProject
Global
	GlobalSection(SolutionConfigurationPlatforms) = preSolution
		Debug|Any CPU = Debug|Any CPU
		Release|Any CPU = Release|Any CPU
	EndGlobalSection
	GlobalSection(ProjectConfigurationPlatforms) = postSolution
		{57CC3238-468B-479D-8418-5AF19A3F80A4}.Debug|Any CPU.ActiveCfg = Debug|Any CPU
		{57CC3238-468B-479D-8418-5AF19A3F80A4}.Debug|Any CPU.Build.0 = Debug|Any CPU
		{57CC3238-468B-479D-8418-5AF19A3F80A4}.Release|Any CPU.ActiveCfg = Release|Any CPU
		{57CC3238-468B-479D-8418-5AF19A3F80A4}.Release|Any CPU.Build.0 = Release|Any CPU
	EndGlobalSection
	GlobalSection(SolutionProperties) = preSolution
		HideSolutionNode = FALSE
	EndGlobalSection
	GlobalSection(ExtensibilityGlobals) = postSolution
		SolutionGuid = {F546A720-C309-4DF2-931B-E2125FE9F47B}
	EndGlobalSection
EndGlobal
